<?xml version="1.0" encoding="UTF-8" standalone="yes" ?>
<CodeBlocks_project_file>
	<FileVersion major="1" minor="6" />
	<Project>
		<Option title="minimal" />
		<Option pch_mode="2" />
		<Option compiler="gcc" />
		<Build>
			<Target title="Debug Win32">
				<Option platforms="Windows;" />
				<Option output="$(wxAutoExcelCompilerPrefix)$(wxAutoExcelArchSuffixX86)_mswud/minimal" prefix_auto="1" extension_auto="1" />
				<Option object_output="$(wxAutoExcelCompilerPrefix)$(wxAutoExcelArchSuffixX86)_mswud/intermediate" />
				<Option type="0" />
				<Option compiler="gcc" />
				<Compiler>
					<Add option="-Wall" />
					<Add option="-g" />
					<Add option="-o0" />
					<Add option="-m32" />
					<Add option="-DWIN32" />
					<Add option="-D_DEBUG" />
					<Add option="-D_WINDOWS" />
					<Add option="-D__WXMSW__" />
					<Add option="-D__WXDEBUG__" />
					<Add directory="$(WXWIN)/lib/$(wxCompilerPrefix)$(wxArchSuffixX86)_lib$(wxCfg)/mswud" />
					<Add directory="$(WXWIN)/include" />
					<Add directory="../../include" />
				</Compiler>
				<ResourceCompiler>
					<Add directory="$(WXWIN)/lib/$(wxCompilerPrefix)$(wxArchSuffixX86)_lib$(wxCfg)/mswud" />
					<Add directory="$(WXWIN)/include" />
					<Add directory="../../include" />
				</ResourceCompiler>
				<Linker>
					<Add option="-m32" />
					<Add option="-F pe-i386" />
					<Add library="wxAutoExcel$(wxAutoExcelShortVersionStr)ud" />
					<Add library="wxmsw$(wxShortVersionStr)ud_core" />
					<Add library="wxbase$(wxShortVersionStr)ud" />
					<Add library="wxtiffd" />
					<Add library="wxjpegd" />
					<Add library="wxpngd" />
					<Add library="wxzlibd" />
					<Add library="wxregexud" />
					<Add library="wxexpatd" />
					<Add library="winmm" />
					<Add library="comctl32" />
					<Add library="rpcrt4" />
					<Add library="wsock32" />
					<Add library="kernel32" />
					<Add library="user32" />
					<Add library="gdi32" />
					<Add library="winspool" />
					<Add library="comdlg32" />
					<Add library="advapi32" />
					<Add library="shell32" />
					<Add library="ole32" />
					<Add library="oleaut32" />
					<Add library="uuid" />
					<Add library="wininet" />
					<Add directory="$(WXWIN)/lib/$(wxCompilerPrefix)$(wxArchSuffixX86)_lib$(wxCfg)" />
					<Add directory="../../lib/$(wxAutoExcelCompilerPrefix)$(wxAutoExcelArchSuffixX86)_lib" />
				</Linker>
			</Target>
			<Target title="Release Win32">
				<Option output="$(wxAutoExcelCompilerPrefix)$(wxAutoExcelArchSuffixX86)_mswu/minimal" prefix_auto="1" extension_auto="1" />
				<Option object_output="$(wxAutoExcelCompilerPrefix)$(wxAutoExcelArchSuffixX86)_mswu/intermediate" />
				<Option type="0" />
				<Option compiler="gcc" />
				<Compiler>
					<Add option="-O2" />
					<Add option="-Wall" />
					<Add option="-m32" />
					<Add option="-DWIN32" />
					<Add option="-DNDEBUG" />
					<Add option="-D_WINDOWS" />
					<Add option="-D__WXMSW__" />
					<Add directory="$(WXWIN)/lib/$(wxCompilerPrefix)$(wxArchSuffixX86)_lib$(wxCfg)/mswu" />
					<Add directory="$(WXWIN)/include" />
					<Add directory="../../include" />
				</Compiler>
				<ResourceCompiler>
					<Add directory="$(WXWIN)/lib/$(wxCompilerPrefix)$(wxArchSuffixX86)_lib$(wxCfg)/mswu" />
					<Add directory="$(WXWIN)/include" />
					<Add directory="../../include" />
				</ResourceCompiler>
				<Linker>
					<Add option="-s" />
					<Add option="-m32" />
					<Add option="-F pe-i386" />
					<Add library="wxAutoExcel$(wxAutoExcelShortVersionStr)u" />
					<Add library="wxmsw$(wxShortVersionStr)u_core" />
					<Add library="wxbase$(wxShortVersionStr)u" />
					<Add library="wxtiff" />
					<Add library="wxjpeg" />
					<Add library="wxpng" />
					<Add library="wxzlib" />
					<Add library="wxregexu" />
					<Add library="wxexpat" />
					<Add library="winmm" />
					<Add library="comctl32" />
					<Add library="rpcrt4" />
					<Add library="wsock32" />
					<Add library="kernel32" />
					<Add library="user32" />
					<Add library="gdi32" />
					<Add library="winspool" />
					<Add library="comdlg32" />
					<Add library="advapi32" />
					<Add library="shell32" />
					<Add library="ole32" />
					<Add library="oleaut32" />
					<Add library="uuid" />
					<Add library="wininet" />
					<Add directory="$(WXWIN)/lib/$(wxCompilerPrefix)$(wxArchSuffixX86)_lib$(wxCfg)" />
					<Add directory="../../lib/$(wxAutoExcelCompilerPrefix)$(wxAutoExcelArchSuffixX86)_lib" />
				</Linker>
			</Target>
			<Target title="DLL Debug Win32">
				<Option output="$(wxAutoExcelCompilerPrefix)$(wxAutoExcelArchSuffixX86)_mswuddll/minimal" prefix_auto="1" extension_auto="1" />
				<Option object_output="$(wxAutoExcelCompilerPrefix)$(wxAutoExcelArchSuffixX86)_mswuddll/intermediate" />
				<Option type="0" />
				<Option compiler="gcc" />
				<Compiler>
					<Add option="-Wall" />
					<Add option="-g" />
					<Add option="-O0" />
					<Add option="-m32" />
					<Add option="-DWIN32" />
					<Add option="-D_DEBUG" />
					<Add option="-D_WINDOWS" />
					<Add option="-D__WXMSW__" />
					<Add option="-D__WXDEBUG__" />
					<Add option="-DWXUSINGDLL" />
					<Add directory="$(WXWIN)/lib/$(wxCompilerPrefix)$(wxArchSuffixX86)_dll$(wxCfg)/mswud" />
					<Add directory="$(WXWIN)/include" />
					<Add directory="../../include" />
				</Compiler>
				<ResourceCompiler>
					<Add directory="$(WXWIN)/lib/$(wxCompilerPrefix)$(wxArchSuffixX86)_dll$(wxCfg)/mswud" />
					<Add directory="$(WXWIN)/include" />
					<Add directory="../../include" />
				</ResourceCompiler>
				<Linker>
					<Add option="-m32" />
					<Add option="-F pe-i386" />
					<Add library="wxAutoExcel$(wxAutoExcelShortVersionStr)ud" />
					<Add library="wxmsw$(wxShortVersionStr)ud_core" />
					<Add library="wxbase$(wxShortVersionStr)ud" />
					<Add library="wxtiffd" />
					<Add library="wxjpegd" />
					<Add library="wxpngd" />
					<Add library="wxzlibd" />
					<Add library="wxregexud" />
					<Add library="wxexpatd" />
					<Add library="winmm" />
					<Add library="comctl32" />
					<Add library="rpcrt4" />
					<Add library="wsock32" />
					<Add library="kernel32" />
					<Add library="user32" />
					<Add library="gdi32" />
					<Add library="winspool" />
					<Add library="comdlg32" />
					<Add library="advapi32" />
					<Add library="shell32" />
					<Add library="ole32" />
					<Add library="oleaut32" />
					<Add library="uuid" />
					<Add library="wininet" />
					<Add directory="$(WXWIN)/lib/$(wxCompilerPrefix)$(wxArchSuffixX86)_dll$(wxCfg)" />
					<Add directory="../../lib/$(wxAutoExcelCompilerPrefix)$(wxAutoExcelArchSuffixX86)_dll" />
				</Linker>
			</Target>
			<Target title="DLL Release Win32">
				<Option output="$(wxAutoExcelCompilerPrefix)$(wxAutoExcelArchSuffixX86)_mswudll/minimal" prefix_auto="1" extension_auto="1" />
				<Option object_output="$(wxAutoExcelCompilerPrefix)$(wxAutoExcelArchSuffixX86)_mswudll/intermediate" />
				<Option type="0" />
				<Option compiler="gcc" />
				<Compiler>
					<Add option="-O2" />
					<Add option="-Wall" />
					<Add option="-m32" />
					<Add option="-DWIN32" />
					<Add option="-DNDEBUG" />
					<Add option="-D_WINDOWS" />
					<Add option="-D__WXMSW__" />
					<Add option="-DWXUSINGDLL" />
					<Add directory="$(WXWIN)/lib/$(wxCompilerPrefix)$(wxArchSuffixX86)_dll$(wxCfg)/mswu" />
					<Add directory="$(WXWIN)/include" />
					<Add directory="../../include" />
				</Compiler>
				<ResourceCompiler>
					<Add directory="$(WXWIN)/lib/$(wxCompilerPrefix)$(wxArchSuffixX86)_dll$(wxCfg)/mswu" />
					<Add directory="$(WXWIN)/include" />
					<Add directory="../../include" />
				</ResourceCompiler>
				<Linker>
					<Add option="-s" />
					<Add option="-m32" />
					<Add option="-F pe-i386" />
					<Add library="wxAutoExcel$(wxAutoExcelShortVersionStr)u" />
					<Add library="wxmsw$(wxShortVersionStr)u_core" />
					<Add library="wxbase$(wxShortVersionStr)u" />
					<Add library="wxtiff" />
					<Add library="wxjpeg" />
					<Add library="wxpng" />
					<Add library="wxzlib" />
					<Add library="wxregexu" />
					<Add library="wxexpat" />
					<Add library="winmm" />
					<Add library="comctl32" />
					<Add library="rpcrt4" />
					<Add library="wsock32" />
					<Add library="kernel32" />
					<Add library="user32" />
					<Add library="gdi32" />
					<Add library="winspool" />
					<Add library="comdlg32" />
					<Add library="advapi32" />
					<Add library="shell32" />
					<Add library="ole32" />
					<Add library="oleaut32" />
					<Add library="uuid" />
					<Add library="wininet" />
					<Add directory="$(WXWIN)/lib/$(wxCompilerPrefix)$(wxArchSuffixX86)_dll$(wxCfg)" />
					<Add directory="../../lib/$(wxAutoExcelCompilerPrefix)$(wxAutoExcelArchSuffixX86)_dll" />
				</Linker>
			</Target>
			<Target title="Debug Win64">
				<Option platforms="Windows;" />
				<Option output="$(wxAutoExcelCompilerPrefix)$(wxAutoExcelArchSuffixX64)_mswud/minimal" prefix_auto="1" extension_auto="1" />
				<Option object_output="$(wxAutoExcelCompilerPrefix)$(wxAutoExcelArchSuffixX64)_mswud/intermediate" />
				<Option type="0" />
				<Option compiler="gcc" />
				<Compiler>
					<Add option="-Wall" />
					<Add option="-g" />
					<Add option="-o0" />
					<Add option="-m64" />
					<Add option="-D_WIN64" />
					<Add option="-D_DEBUG" />
					<Add option="-D_WINDOWS" />
					<Add option="-D__WXMSW__" />
					<Add option="-D__WXDEBUG__" />
					<Add directory="$(WXWIN)/lib/$(wxCompilerPrefix)$(wxArchSuffixX64)_lib$(wxCfg)/mswud" />
					<Add directory="$(WXWIN)/include" />
					<Add directory="../../include" />
				</Compiler>
				<ResourceCompiler>
					<Add directory="$(WXWIN)/lib/$(wxCompilerPrefix)$(wxArchSuffixX64)_lib$(wxCfg)/mswud" />
					<Add directory="$(WXWIN)/include" />
					<Add directory="../../include" />
				</ResourceCompiler>
				<Linker>
					<Add option="-m64" />
					<Add library="wxAutoExcel$(wxAutoExcelShortVersionStr)ud" />
					<Add library="wxmsw$(wxShortVersionStr)ud_core" />
					<Add library="wxbase$(wxShortVersionStr)ud" />
					<Add library="wxtiffd" />
					<Add library="wxjpegd" />
					<Add library="wxpngd" />
					<Add library="wxzlibd" />
					<Add library="wxregexud" />
					<Add library="wxexpatd" />
					<Add library="winmm" />
					<Add library="comctl32" />
					<Add library="rpcrt4" />
					<Add library="wsock32" />
					<Add library="kernel32" />
					<Add library="user32" />
					<Add library="gdi32" />
					<Add library="winspool" />
					<Add library="comdlg32" />
					<Add library="advapi32" />
					<Add library="shell32" />
					<Add library="ole32" />
					<Add library="oleaut32" />
					<Add library="uuid" />
					<Add library="wininet" />
					<Add directory="$(WXWIN)/lib/$(wxCompilerPrefix)$(wxArchSuffixX64)_lib$(wxCfg)" />
					<Add directory="../../lib/$(wxAutoExcelCompilerPrefix)$(wxAutoExcelArchSuffixX64)_lib" />
				</Linker>
			</Target>
			<Target title="Release Win64">
				<Option output="$(wxAutoExcelCompilerPrefix)$(wxAutoExcelArchSuffixX64)_mswu/minimal" prefix_auto="1" extension_auto="1" />
				<Option object_output="$(wxAutoExcelCompilerPrefix)$(wxAutoExcelArchSuffixX64)_mswu/intermediate" />
				<Option type="0" />
				<Option compiler="gcc" />
				<Compiler>
					<Add option="-O2" />
					<Add option="-Wall" />
					<Add option="-m64" />
					<Add option="-D_WIN64" />
					<Add option="-DNDEBUG" />
					<Add option="-D_WINDOWS" />
					<Add option="-D__WXMSW__" />
					<Add directory="$(WXWIN)/lib/$(wxCompilerPrefix)$(wxArchSuffixX64)_lib$(wxCfg)/mswu" />
					<Add directory="$(WXWIN)/include" />
					<Add directory="../../include" />
				</Compiler>
				<ResourceCompiler>
					<Add directory="$(WXWIN)/lib/$(wxCompilerPrefix)$(wxArchSuffixX64)_lib$(wxCfg)/mswu" />
					<Add directory="$(WXWIN)/include" />
					<Add directory="../../include" />
				</ResourceCompiler>
				<Linker>
					<Add option="-s" />
					<Add option="-m64" />
					<Add library="wxAutoExcel$(wxAutoExcelShortVersionStr)u" />
					<Add library="wxmsw$(wxShortVersionStr)u_core" />
					<Add library="wxbase$(wxShortVersionStr)u" />
					<Add library="wxtiff" />
					<Add library="wxjpeg" />
					<Add library="wxpng" />
					<Add library="wxzlib" />
					<Add library="wxregexu" />
					<Add library="wxexpat" />
					<Add library="winmm" />
					<Add library="comctl32" />
					<Add library="rpcrt4" />
					<Add library="wsock32" />
					<Add library="kernel32" />
					<Add library="user32" />
					<Add library="gdi32" />
					<Add library="winspool" />
					<Add library="comdlg32" />
					<Add library="advapi32" />
					<Add library="shell32" />
					<Add library="ole32" />
					<Add library="oleaut32" />
					<Add library="uuid" />
					<Add library="wininet" />
					<Add directory="$(WXWIN)/lib/$(wxCompilerPrefix)$(wxArchSuffixX64)_lib$(wxCfg)" />
					<Add directory="../../lib/$(wxAutoExcelCompilerPrefix)$(wxAutoExcelArchSuffixX64)_lib" />
				</Linker>
			</Target>
			<Target title="DLL Debug Win64">
				<Option output="$(wxAutoExcelCompilerPrefix)$(wxAutoExcelArchSuffixX64)_mswuddll/minimal" prefix_auto="1" extension_auto="1" />
				<Option object_output="$(wxAutoExcelCompilerPrefix)$(wxAutoExcelArchSuffixX64)_mswuddll/intermediate" />
				<Option type="0" />
				<Option compiler="gcc" />
				<Compiler>
					<Add option="-Wall" />
					<Add option="-g" />
					<Add option="-O0" />
					<Add option="-m64" />
					<Add option="-D_WIN64" />
					<Add option="-D_DEBUG" />
					<Add option="-D_WINDOWS" />
					<Add option="-D__WXMSW__" />
					<Add option="-D__WXDEBUG__" />
					<Add option="-DWXUSINGDLL" />
					<Add directory="$(WXWIN)/lib/$(wxCompilerPrefix)$(wxArchSuffixX64)_dll$(wxCfg)/mswud" />
					<Add directory="$(WXWIN)/include" />
					<Add directory="../../include" />
				</Compiler>
				<ResourceCompiler>
					<Add directory="$(WXWIN)/lib/$(wxCompilerPrefix)$(wxArchSuffixX64)_dll$(wxCfg)/mswud" />
					<Add directory="$(WXWIN)/include" />
					<Add directory="../../include" />
				</ResourceCompiler>
				<Linker>
					<Add option="-m64" />
					<Add library="wxAutoExcel$(wxAutoExcelShortVersionStr)ud" />
					<Add library="wxmsw$(wxShortVersionStr)ud_core" />
					<Add library="wxbase$(wxShortVersionStr)ud" />
					<Add library="wxtiffd" />
					<Add library="wxjpegd" />
					<Add library="wxpngd" />
					<Add library="wxzlibd" />
					<Add library="wxregexud" />
					<Add library="wxexpatd" />
					<Add library="winmm" />
					<Add library="comctl32" />
					<Add library="rpcrt4" />
					<Add library="wsock32" />
					<Add library="kernel32" />
					<Add library="user32" />
					<Add library="gdi32" />
					<Add library="winspool" />
					<Add library="comdlg32" />
					<Add library="advapi32" />
					<Add library="shell32" />
					<Add library="ole32" />
					<Add library="oleaut32" />
					<Add library="uuid" />
					<Add library="wininet" />
					<Add directory="$(WXWIN)/lib/$(wxCompilerPrefix)$(wxArchSuffixX64)_dll$(wxCfg)" />
					<Add directory="../../lib/$(wxAutoExcelCompilerPrefix)$(wxAutoExcelArchSuffixX64)_dll" />
				</Linker>
			</Target>
			<Target title="DLL Release Win64">
				<Option output="$(wxAutoExcelCompilerPrefix)$(wxAutoExcelArchSuffixX64)_mswudll/minimal" prefix_auto="1" extension_auto="1" />
				<Option object_output="$(wxAutoExcelCompilerPrefix)$(wxAutoExcelArchSuffixX64)_mswudll/intermediate" />
				<Option type="0" />
				<Option compiler="gcc" />
				<Compiler>
					<Add option="-O2" />
					<Add option="-Wall" />
					<Add option="-m64" />
					<Add option="-D_WIN64" />
					<Add option="-DNDEBUG" />
					<Add option="-D_WINDOWS" />
					<Add option="-D__WXMSW__" />
					<Add option="-DWXUSINGDLL" />
					<Add directory="$(WXWIN)/lib/$(wxCompilerPrefix)$(wxArchSuffixX64)_dll$(wxCfg)/mswu" />
					<Add directory="$(WXWIN)/include" />
					<Add directory="../../include" />
				</Compiler>
				<ResourceCompiler>
					<Add directory="$(WXWIN)/lib/$(wxCompilerPrefix)$(wxArchSuffixX64)_dll$(wxCfg)/mswu" />
					<Add directory="$(WXWIN)/include" />
					<Add directory="../../include" />
				</ResourceCompiler>
				<Linker>
					<Add option="-s" />
					<Add option="-m64" />
					<Add library="wxAutoExcel$(wxAutoExcelShortVersionStr)u" />
					<Add library="wxmsw$(wxShortVersionStr)u_core" />
					<Add library="wxbase$(wxShortVersionStr)u" />
					<Add library="wxtiff" />
					<Add library="wxjpeg" />
					<Add library="wxpng" />
					<Add library="wxzlib" />
					<Add library="wxregexu" />
					<Add library="wxexpat" />
					<Add library="winmm" />
					<Add library="comctl32" />
					<Add library="rpcrt4" />
					<Add library="wsock32" />
					<Add library="kernel32" />
					<Add library="user32" />
					<Add library="gdi32" />
					<Add library="winspool" />
					<Add library="comdlg32" />
					<Add library="advapi32" />
					<Add library="shell32" />
					<Add library="ole32" />
					<Add library="oleaut32" />
					<Add library="uuid" />
					<Add library="wininet" />
					<Add directory="$(WXWIN)/lib/$(wxCompilerPrefix)$(wxArchSuffixX64)_dll$(wxCfg)" />
					<Add directory="../../lib/$(wxAutoExcelCompilerPrefix)$(wxAutoExcelArchSuffixX64)_dll" />
				</Linker>
			</Target>
			<Environment>
				<Variable name="wxArchSuffixX64" value="_x64" />
				<Variable name="wxArchSuffixX86" value="" />
				<Variable name="wxAutoExcelArchSuffixX64" value="_x64" />
				<Variable name="wxAutoExcelArchSuffixX86" value="" />
				<Variable name="wxAutoExcelCompilerPrefix" value="gcc" />
				<Variable name="wxAutoExcelShortVersionStr" value="10" />
				<Variable name="wxCfg" value="" />
				<Variable name="wxCompilerPrefix" value="gcc" />
				<Variable name="wxShortVersionStr" value="31" />
			</Environment>
		</Build>
		<VirtualTargets>
			<Add alias="All Win32" targets="Debug Win32;Release Win32;DLL Debug Win32;DLL Release Win32;" />
			<Add alias="All Win64" targets="Debug Win64;Release Win64;DLL Debug Win64;DLL Release Win64;" />
			<Add alias="DLL Win32" targets="DLL Debug Win32;DLL Release Win32;" />
			<Add alias="DLL Win64" targets="DLL Debug Win64;DLL Release Win64;" />
			<Add alias="Static Win32" targets="Debug Win32;Release Win32;" />
			<Add alias="Static Win64" targets="Debug Win64;Release Win64;" />
		</VirtualTargets>
		<Unit filename="minimal.cpp" />
		<Extensions>
			<code_completion />
			<envvars />
			<debugger />
		</Extensions>
	</Project>
</CodeBlocks_project_file>
